
Microsoft Visual Studio Solution File, Format Version 12.00
# Visual Studio Version 17
VisualStudioVersion = 17.0.31903.59
MinimumVisualStudioVersion = 10.0.40219.1
Project("{2150E333-8FDC-42A3-9474-1A3956D46DE8}") = "src", "src", "{0948A302-19B5-41FA-AC7A-7326871929DE}"
EndProject
Project("{FAE04EC0-301F-11D3-BF4B-00C04F79EFBC}") = "AuctionService", "src\AuctionService\AuctionService.csproj", "{D5B7485A-A466-4083-86D7-4A67035464F7}"
EndProject
Project("{FAE04EC0-301F-11D3-BF4B-00C04F79EFBC}") = "SearchService", "src\SearchService\SearchService.csproj", "{DF969CA5-D59A-494A-983D-DFC7BA635796}"
EndProject
Project("{FAE04EC0-301F-11D3-BF4B-00C04F79EFBC}") = "Contracts", "src\Contracts\Contracts.csproj", "{5CA7E28F-06E5-46A1-A464-A70E922B060D}"
EndProject
Project("{FAE04EC0-301F-11D3-BF4B-00C04F79EFBC}") = "IdentityService", "src\IdentityService\IdentityService.csproj", "{DD73937F-93A0-422E-BB7E-4B386D8E6EAD}"
EndProject
Project("{FAE04EC0-301F-11D3-BF4B-00C04F79EFBC}") = "GatewayService", "src\GatewayService\GatewayService.csproj", "{A96EBCE1-D729-4193-856F-2D32C405052E}"
EndProject
Global
	GlobalSection(SolutionConfigurationPlatforms) = preSolution
		Debug|Any CPU = Debug|Any CPU
		Release|Any CPU = Release|Any CPU
	EndGlobalSection
	GlobalSection(SolutionProperties) = preSolution
		HideSolutionNode = FALSE
	EndGlobalSection
	GlobalSection(ProjectConfigurationPlatforms) = postSolution
		{D5B7485A-A466-4083-86D7-4A67035464F7}.Debug|Any CPU.ActiveCfg = Debug|Any CPU
		{D5B7485A-A466-4083-86D7-4A67035464F7}.Debug|Any CPU.Build.0 = Debug|Any CPU
		{D5B7485A-A466-4083-86D7-4A67035464F7}.Release|Any CPU.ActiveCfg = Release|Any CPU
		{D5B7485A-A466-4083-86D7-4A67035464F7}.Release|Any CPU.Build.0 = Release|Any CPU
		{DF969CA5-D59A-494A-983D-DFC7BA635796}.Debug|Any CPU.ActiveCfg = Debug|Any CPU
		{DF969CA5-D59A-494A-983D-DFC7BA635796}.Debug|Any CPU.Build.0 = Debug|Any CPU
		{DF969CA5-D59A-494A-983D-DFC7BA635796}.Release|Any CPU.ActiveCfg = Release|Any CPU
		{DF969CA5-D59A-494A-983D-DFC7BA635796}.Release|Any CPU.Build.0 = Release|Any CPU
		{5CA7E28F-06E5-46A1-A464-A70E922B060D}.Debug|Any CPU.ActiveCfg = Debug|Any CPU
		{5CA7E28F-06E5-46A1-A464-A70E922B060D}.Debug|Any CPU.Build.0 = Debug|Any CPU
		{5CA7E28F-06E5-46A1-A464-A70E922B060D}.Release|Any CPU.ActiveCfg = Release|Any CPU
		{5CA7E28F-06E5-46A1-A464-A70E922B060D}.Release|Any CPU.Build.0 = Release|Any CPU
		{DD73937F-93A0-422E-BB7E-4B386D8E6EAD}.Debug|Any CPU.ActiveCfg = Debug|Any CPU
		{DD73937F-93A0-422E-BB7E-4B386D8E6EAD}.Debug|Any CPU.Build.0 = Debug|Any CPU
		{DD73937F-93A0-422E-BB7E-4B386D8E6EAD}.Release|Any CPU.ActiveCfg = Release|Any CPU
		{DD73937F-93A0-422E-BB7E-4B386D8E6EAD}.Release|Any CPU.Build.0 = Release|Any CPU
		{A96EBCE1-D729-4193-856F-2D32C405052E}.Debug|Any CPU.ActiveCfg = Debug|Any CPU
		{A96EBCE1-D729-4193-856F-2D32C405052E}.Debug|Any CPU.Build.0 = Debug|Any CPU
		{A96EBCE1-D729-4193-856F-2D32C405052E}.Release|Any CPU.ActiveCfg = Release|Any CPU
		{A96EBCE1-D729-4193-856F-2D32C405052E}.Release|Any CPU.Build.0 = Release|Any CPU
	EndGlobalSection
	GlobalSection(NestedProjects) = preSolution
		{D5B7485A-A466-4083-86D7-4A67035464F7} = {0948A302-19B5-41FA-AC7A-7326871929DE}
		{DF969CA5-D59A-494A-983D-DFC7BA635796} = {0948A302-19B5-41FA-AC7A-7326871929DE}
		{5CA7E28F-06E5-46A1-A464-A70E922B060D} = {0948A302-19B5-41FA-AC7A-7326871929DE}
		{DD73937F-93A0-422E-BB7E-4B386D8E6EAD} = {0948A302-19B5-41FA-AC7A-7326871929DE}
		{A96EBCE1-D729-4193-856F-2D32C405052E} = {0948A302-19B5-41FA-AC7A-7326871929DE}
	EndGlobalSection
EndGlobal
